<?xml version="1.0" encoding="utf-8"?>
<Project ToolsVersion="4.0" xmlns="http://schemas.microsoft.com/developer/msbuild/2003">
  <ItemGroup>
    <Filter Include="源文件">
      <UniqueIdentifier>{4FC737F1-C7A5-4376-A066-2A32D752A2FF}</UniqueIdentifier>
      <Extensions>cpp;c;cc;cxx;def;odl;idl;hpj;bat;asm;asmx</Extensions>
    </Filter>
    <Filter Include="头文件">
      <UniqueIdentifier>{93995380-89BD-4b04-88EB-625FBE52EBFB}</UniqueIdentifier>
      <Extensions>h;hh;hpp;hxx;hm;inl;inc;xsd</Extensions>
    </Filter>
    <Filter Include="资源文件">
      <UniqueIdentifier>{67DA6AB6-F800-4c08-8B7A-83BB121AAD01}</UniqueIdentifier>
      <Extensions>rc;ico;cur;bmp;dlg;rc2;rct;bin;rgs;gif;jpg;jpeg;jpe;resx;tiff;tif;png;wav;mfcribbon-ms</Extensions>
    </Filter>
  </ItemGroup>
  <ItemGroup>
    <Text Include="ReadMe.txt" />
  </ItemGroup>
  <ItemGroup>
    <ClInclude Include="Motion_Capture_MFC.h">
      <Filter>头文件</Filter>
    </ClInclude>
    <ClInclude Include="stdafx.h">
      <Filter>头文件</Filter>
    </ClInclude>
    <ClInclude Include="targetver.h">
      <Filter>头文件</Filter>
    </ClInclude>
    <ClInclude Include="MainFrm.h">
      <Filter>头文件</Filter>
    </ClInclude>
    <ClInclude Include="Motion_Capture_MFCDoc.h">
      <Filter>头文件</Filter>
    </ClInclude>
    <ClInclude Include="Motion_Capture_MFCView.h">
      <Filter>头文件</Filter>
    </ClInclude>
    <ClInclude Include="Resource.h">
      <Filter>头文件</Filter>
    </ClInclude>
    <ClInclude Include="CalendarBar.h">
      <Filter>头文件</Filter>
    </ClInclude>
    <ClInclude Include="OpenGL.h">
      <Filter>头文件</Filter>
    </ClInclude>
    <ClInclude Include="Bitmap.h">
      <Filter>头文件</Filter>
    </ClInclude>
    <ClInclude Include="ImageLib.h">
      <Filter>头文件</Filter>
    </ClInclude>
    <ClInclude Include="Targa.h">
      <Filter>头文件</Filter>
    </ClInclude>
    <ClInclude Include="tga.h">
      <Filter>头文件</Filter>
    </ClInclude>
    <ClInclude Include="Vector.h">
      <Filter>头文件</Filter>
    </ClInclude>
    <ClInclude Include="CommonGL.h">
      <Filter>头文件</Filter>
    </ClInclude>
    <ClInclude Include="Cal3DBase.h">
      <Filter>头文件</Filter>
    </ClInclude>
    <ClInclude Include="LightModel.h">
      <Filter>头文件</Filter>
    </ClInclude>
    <ClInclude Include="Material.h">
      <Filter>头文件</Filter>
    </ClInclude>
    <ClInclude Include="Cal3DChild.h">
      <Filter>头文件</Filter>
    </ClInclude>
    <ClInclude Include="memdc.h">
      <Filter>头文件</Filter>
    </ClInclude>
    <ClInclude Include="light0.h">
      <Filter>头文件</Filter>
    </ClInclude>
    <ClInclude Include="light1.h">
      <Filter>头文件</Filter>
    </ClInclude>
    <ClInclude Include="light2.h">
      <Filter>头文件</Filter>
    </ClInclude>
    <ClInclude Include="Timer.h">
      <Filter>头文件</Filter>
    </ClInclude>
    <ClInclude Include="OpenGLWindow.h">
      <Filter>头文件</Filter>
    </ClInclude>
  </ItemGroup>
  <ItemGroup>
    <ClCompile Include="Motion_Capture_MFC.cpp">
      <Filter>源文件</Filter>
    </ClCompile>
    <ClCompile Include="stdafx.cpp">
      <Filter>源文件</Filter>
    </ClCompile>
    <ClCompile Include="MainFrm.cpp">
      <Filter>源文件</Filter>
    </ClCompile>
    <ClCompile Include="Motion_Capture_MFCDoc.cpp">
      <Filter>源文件</Filter>
    </ClCompile>
    <ClCompile Include="Motion_Capture_MFCView.cpp">
      <Filter>源文件</Filter>
    </ClCompile>
    <ClCompile Include="CalendarBar.cpp">
      <Filter>源文件</Filter>
    </ClCompile>
    <ClCompile Include="Bitmap.cpp">
      <Filter>源文件</Filter>
    </ClCompile>
    <ClCompile Include="Targa.cpp">
      <Filter>源文件</Filter>
    </ClCompile>
    <ClCompile Include="tga.cpp">
      <Filter>源文件</Filter>
    </ClCompile>
    <ClCompile Include="Vector.cpp">
      <Filter>源文件</Filter>
    </ClCompile>
    <ClCompile Include="CommonGL.cpp">
      <Filter>源文件</Filter>
    </ClCompile>
    <ClCompile Include="Cal3DBase.cpp">
      <Filter>源文件</Filter>
    </ClCompile>
    <ClCompile Include="LightModel.cpp">
      <Filter>源文件</Filter>
    </ClCompile>
    <ClCompile Include="Material.cpp">
      <Filter>源文件</Filter>
    </ClCompile>
    <ClCompile Include="Cal3DChild.cpp">
      <Filter>源文件</Filter>
    </ClCompile>
    <ClCompile Include="light0.cpp">
      <Filter>源文件</Filter>
    </ClCompile>
    <ClCompile Include="light1.cpp">
      <Filter>源文件</Filter>
    </ClCompile>
    <ClCompile Include="light2.cpp">
      <Filter>源文件</Filter>
    </ClCompile>
    <ClCompile Include="Timer.cpp">
      <Filter>源文件</Filter>
    </ClCompile>
    <ClCompile Include="OpenGLWindow.cpp">
      <Filter>源文件</Filter>
    </ClCompile>
  </ItemGroup>
  <ItemGroup>
    <None Include="Motion_Capture_MFC.reg" />
    <None Include="res\ribbon.mfcribbon-ms">
      <Filter>资源文件</Filter>
    </None>
    <None Include="res\Motion_Capture_MFC.rc2">
      <Filter>资源文件</Filter>
    </None>
    <None Include="res\cursor1.cur">
      <Filter>资源文件</Filter>
    </None>
    <None Include="res\cursor2.cur">
      <Filter>资源文件</Filter>
    </None>
    <None Include="res\magnify.cur">
      <Filter>资源文件</Filter>
    </None>
    <None Include="res\no.cur">
      <Filter>资源文件</Filter>
    </None>
    <None Include="res\rotate.cur">
      <Filter>资源文件</Filter>
    </None>
    <None Include="res\trck4way.cur">
      <Filter>资源文件</Filter>
    </None>
  </ItemGroup>
  <ItemGroup>
    <ResourceCompile Include="Motion_Capture_MFC.rc">
      <Filter>资源文件</Filter>
    </ResourceCompile>
  </ItemGroup>
  <ItemGroup>
    <Image Include="res\nav_large.bmp">
      <Filter>资源文件</Filter>
    </Image>
    <Image Include="res\nav_large_hc.bmp">
      <Filter>资源文件</Filter>
    </Image>
    <Image Include="res\pages.bmp">
      <Filter>资源文件</Filter>
    </Image>
    <Image Include="res\pages_hc.bmp">
      <Filter>资源文件</Filter>
    </Image>
    <Image Include="res\pages_small.bmp">
      <Filter>资源文件</Filter>
    </Image>
    <Image Include="res\pages_small_hc.bmp">
      <Filter>资源文件</Filter>
    </Image>
    <Image Include="res\info.bmp">
      <Filter>资源文件</Filter>
    </Image>
    <Image Include="res\buttons.bmp">
      <Filter>资源文件</Filter>
    </Image>
    <Image Include="res\filelarge.bmp">
      <Filter>资源文件</Filter>
    </Image>
    <Image Include="res\filesmall.bmp">
      <Filter>资源文件</Filter>
    </Image>
    <Image Include="res\main.bmp">
      <Filter>资源文件</Filter>
    </Image>
    <Image Include="res\writelarge.bmp">
      <Filter>资源文件</Filter>
    </Image>
    <Image Include="res\writesmall.bmp">
      <Filter>资源文件</Filter>
    </Image>
    <Image Include="res\Motion_Capture_MFCDoc.ico">
      <Filter>资源文件</Filter>
    </Image>
    <Image Include="res\Motion_Capture_MFC.ico">
      <Filter>资源文件</Filter>
    </Image>
    <Image Include="res\Toolbar.bmp">
      <Filter>资源文件</Filter>
    </Image>
    <Image Include="res\Toolbar256.bmp">
      <Filter>资源文件</Filter>
    </Image>
    <Image Include="res\rotating_24px.ico">
      <Filter>资源文件</Filter>
    </Image>
    <Image Include="res\rotating_16px.ico">
      <Filter>资源文件</Filter>
    </Image>
    <Image Include="res\icon1.ico">
      <Filter>资源文件</Filter>
    </Image>
    <Image Include="res\prohibit_24px.ico">
      <Filter>资源文件</Filter>
    </Image>
  </ItemGroup>
</Project>